# This file is automatically @generated by Cargo.
# It is not intended for manual editing.
version = 3

[[package]]
name = "camino"
version = "1.1.2"
source = "registry+https://github.com/rust-lang/crates.io-index"
checksum = "c77df041dc383319cc661b428b6961a005db4d6808d5e12536931b1ca9556055"

[[package]]
name = "shell_adventure"
version = "0.1.0"
dependencies = [
 "camino",
]
